# THIS IS AN AUTOGENERATED FILE. DO NOT EDIT THIS FILE DIRECTLY.
# yarn lockfile v1


"@fast-csv/format@^4.1.2":
  version "4.1.2"
  resolved "https://registry.yarnpkg.com/@fast-csv/format/-/format-4.1.2.tgz#68abbfa2f2a56055336de20f0f6dae6ca1fa4bd9"
  integrity sha512-ERW7QuIEYa/eJArjzEKWe8Sdj9aNBLDjMfZw+EpcIb9CFOMz7SNZl8ElWOjcUU8Gj088TerBSGvUoCZN0SoXig==
  dependencies:
    lodash.escaperegexp "^4.1.2"
    lodash.isboolean "^3.0.3"
    lodash.isequal "^4.5.0"
    lodash.isfunction "^3.0.9"
    lodash.isnil "^4.0.0"

"@fast-csv/parse@^4.1.2":
  version "4.1.2"
  resolved "https://registry.yarnpkg.com/@fast-csv/parse/-/parse-4.1.2.tgz#22a9d96143a072de7ffba74bcf7ae8062e3d283f"
  integrity sha512-GmgHo1EHB5/M2v3tAj83l77PxGCxxYvx0s/PoWM/fp5PrS8ECtX0THKsuJ0jO3+BkpaHhX3/UZFOBnfcEw1FkQ==
  dependencies:
    lodash.escaperegexp "^4.1.2"
    lodash.groupby "^4.6.0"
    lodash.isfunction "^3.0.9"
    lodash.isnil "^4.0.0"
    lodash.isundefined "^3.0.1"
    lodash.uniq "^4.5.0"

"@types/node@^12.12.17":
  version "12.12.34"
  resolved "https://registry.yarnpkg.com/@types/node/-/node-12.12.34.tgz#0a5d6ae5d22612f0cf5f10320e1fc5d2a745dcb8"
  integrity sha512-BneGN0J9ke24lBRn44hVHNeDlrXRYF+VRp0HbSUNnEZahXGAysHZIqnf/hER6aabdBgzM4YOV4jrR8gj4Zfi0g==

fast-csv@^4.1.3:
  version "4.1.3"
  resolved "https://registry.yarnpkg.com/fast-csv/-/fast-csv-4.1.3.tgz#9c40529ce4316367db50da119ef0bd8853a2efe3"
  integrity sha512-W2ifln3p+/Fv2tPRQq5Et8BdRb6/f4EhncmRMZHWlvZHr/s9uMe7ZVDtwD1kskwKDmTLsq63hPcJDtO4NYZr9w==
  dependencies:
    "@fast-csv/format" "^4.1.2"
    "@fast-csv/parse" "^4.1.2"
    "@types/node" "^12.12.17"

lodash.escaperegexp@^4.1.2:
  version "4.1.2"
  resolved "https://registry.yarnpkg.com/lodash.escaperegexp/-/lodash.escaperegexp-4.1.2.tgz#64762c48618082518ac3df4ccf5d5886dae20347"
  integrity sha1-ZHYsSGGAglGKw99Mz11YhtriA0c=

lodash.groupby@^4.6.0:
  version "4.6.0"
  resolved "https://registry.yarnpkg.com/lodash.groupby/-/lodash.groupby-4.6.0.tgz#0b08a1dcf68397c397855c3239783832df7403d1"
  integrity sha1-Cwih3PaDl8OXhVwyOXg4Mt90A9E=

lodash.isboolean@^3.0.3:
  version "3.0.3"
  resolved "https://registry.yarnpkg.com/lodash.isboolean/-/lodash.isboolean-3.0.3.tgz#6c2e171db2a257cd96802fd43b01b20d5f5870f6"
  integrity sha1-bC4XHbKiV82WgC/UOwGyDV9YcPY=

lodash.isequal@^4.5.0:
  version "4.5.0"
  resolved "https://registry.yarnpkg.com/lodash.isequal/-/lodash.isequal-4.5.0.tgz#415c4478f2bcc30120c22ce10ed3226f7d3e18e0"
  integrity sha1-QVxEePK8wwEgwizhDtMib30+GOA=

lodash.isfunction@^3.0.9:
  version "3.0.9"
  resolved "https://registry.yarnpkg.com/lodash.isfunction/-/lodash.isfunction-3.0.9.tgz#06de25df4db327ac931981d1bdb067e5af68d051"
  integrity sha512-AirXNj15uRIMMPihnkInB4i3NHeb4iBtNg9WRWuK2o31S+ePwwNmDPaTL3o7dTJ+VXNZim7rFs4rxN4YU1oUJw==

lodash.isnil@^4.0.0:
  version "4.0.0"
  resolved "https://registry.yarnpkg.com/lodash.isnil/-/lodash.isnil-4.0.0.tgz#49e28cd559013458c814c5479d3c663a21bfaa6c"
  integrity sha1-SeKM1VkBNFjIFMVHnTxmOiG/qmw=

lodash.isundefined@^3.0.1:
  version "3.0.1"
  resolved "https://registry.yarnpkg.com/lodash.isundefined/-/lodash.isundefined-3.0.1.tgz#23ef3d9535565203a66cefd5b830f848911afb48"
  integrity sha1-I+89lTVWUgOmbO/VuDD4SJEa+0g=

lodash.uniq@^4.5.0:
  version "4.5.0"
  resolved "https://registry.yarnpkg.com/lodash.uniq/-/lodash.uniq-4.5.0.tgz#d0225373aeb652adc1bc82e4945339a842754773"
  integrity sha1-0CJTc662Uq3BvILklFM5qEJ1R3M=
